
Microsoft Visual Studio Solution File, Format Version 12.00
# Visual Studio Version 17
VisualStudioVersion = 17.3.32929.385
MinimumVisualStudioVersion = 10.0.40219.1
Project("{FAE04EC0-301F-11D3-BF4B-00C04F79EFBC}") = "Workshop3Dictionary", "Workshop3Dictionary\Workshop3Dictionary.csproj", "{9268F0E6-BBAB-4423-8810-1D45271D6418}"
EndProject
Global
	GlobalSection(SolutionConfigurationPlatforms) = preSolution
		Debug|Any CPU = Debug|Any CPU
		Release|Any CPU = Release|Any CPU
	EndGlobalSection
	GlobalSection(ProjectConfigurationPlatforms) = postSolution
		{9268F0E6-BBAB-4423-8810-1D45271D6418}.Debug|Any CPU.ActiveCfg = Debug|Any CPU
		{9268F0E6-BBAB-4423-8810-1D45271D6418}.Debug|Any CPU.Build.0 = Debug|Any CPU
		{9268F0E6-BBAB-4423-8810-1D45271D6418}.Release|Any CPU.ActiveCfg = Release|Any CPU
		{9268F0E6-BBAB-4423-8810-1D45271D6418}.Release|Any CPU.Build.0 = Release|Any CPU
	EndGlobalSection
	GlobalSection(SolutionProperties) = preSolution
		HideSolutionNode = FALSE
	EndGlobalSection
	GlobalSection(ExtensibilityGlobals) = postSolution
		SolutionGuid = {420A4A89-597D-40B8-A9A3-7DCE48DCFD9D}
	EndGlobalSection
EndGlobal
